
Microsoft Visual Studio Solution File, Format Version 12.00
# Visual Studio Version 17
VisualStudioVersion = 17.9.34701.34
MinimumVisualStudioVersion = 10.0.40219.1
Project("{FAE04EC0-301F-11D3-BF4B-00C04F79EFBC}") = "Identity.API", "Identity.API.csproj", "{7729AC7B-3071-466E-B522-E1BBFAB3707B}"
EndProject
Project("{54A90642-561A-4BB1-A94E-469ADEE60C69}") = "Identity.WebApp", "..\Identity.WebApp\Identity.WebApp.esproj", "{16A051E3-F6D4-4B74-B590-A45642782E87}"
EndProject
Project("{2150E333-8FDC-42A3-9474-1A3956D46DE8}") = "Testes", "Testes", "{2C20C4F1-29AE-4734-B678-EDC0EF4543E7}"
EndProject
Project("{FAE04EC0-301F-11D3-BF4B-00C04F79EFBC}") = "Identity.Integration.Tests", "..\Identity.Integration.Tests\Identity.Integration.Tests.csproj", "{480950C2-CFFD-4A89-A082-76E4A25E1E64}"
EndProject
Project("{FAE04EC0-301F-11D3-BF4B-00C04F79EFBC}") = "Identity.Unit.Tests", "..\Identity.Unit.Tests\Identity.Unit.Tests.csproj", "{C21DA9A6-73A4-4AD9-94B0-D49C2CBB6569}"
EndProject
Project("{FAE04EC0-301F-11D3-BF4B-00C04F79EFBC}") = "Identity.E2E.Tests", "..\Identity.E2E.Tests\Identity.E2E.Tests.csproj", "{4C4C8F7D-F876-4203-92FE-6CF15D848E8F}"
EndProject
Project("{2150E333-8FDC-42A3-9474-1A3956D46DE8}") = "Performan", "Performan", "{FA54C78E-C198-4B34-91C8-067A30DCDEC8}"
EndProject
Project("{2150E333-8FDC-42A3-9474-1A3956D46DE8}") = "Quality", "Quality", "{24D8359E-66FE-4D91-BB24-EE265F67139C}"
EndProject
Project("{2150E333-8FDC-42A3-9474-1A3956D46DE8}") = "Sonar", "Sonar", "{F7D6DB82-F8B3-4621-8400-3172D97BBD9B}"
EndProject
Project("{2150E333-8FDC-42A3-9474-1A3956D46DE8}") = "Trivy", "Trivy", "{E781E981-F5FF-4DD6-929C-0920B82CB228}"
EndProject
Project("{2150E333-8FDC-42A3-9474-1A3956D46DE8}") = "DotNetBenchamark", "DotNetBenchamark", "{8A4EFF51-C0CA-40BC-99FF-F2F128F6959A}"
EndProject
Project("{2150E333-8FDC-42A3-9474-1A3956D46DE8}") = "Stress", "Stress", "{15A762C7-9FD6-4854-9927-686C280C711B}"
EndProject
Project("{2150E333-8FDC-42A3-9474-1A3956D46DE8}") = "K6", "K6", "{4B46C751-63FC-4D65-86E1-45AB79ECDD1D}"
EndProject
Project("{FAE04EC0-301F-11D3-BF4B-00C04F79EFBC}") = "Identity.Domain", "..\Identity.Domain\Identity.Domain.csproj", "{A04283C7-F447-4D88-AEC2-0B1CE7C65F37}"
EndProject
Project("{FAE04EC0-301F-11D3-BF4B-00C04F79EFBC}") = "Identity.Infra", "..\Identity.Infra\Identity.Infra.csproj", "{B2D78030-7AD3-4056-94F5-E33D63CEFBC1}"
EndProject
Global
	GlobalSection(SolutionConfigurationPlatforms) = preSolution
		Debug|Any CPU = Debug|Any CPU
		Release|Any CPU = Release|Any CPU
	EndGlobalSection
	GlobalSection(ProjectConfigurationPlatforms) = postSolution
		{7729AC7B-3071-466E-B522-E1BBFAB3707B}.Debug|Any CPU.ActiveCfg = Debug|Any CPU
		{7729AC7B-3071-466E-B522-E1BBFAB3707B}.Debug|Any CPU.Build.0 = Debug|Any CPU
		{7729AC7B-3071-466E-B522-E1BBFAB3707B}.Release|Any CPU.ActiveCfg = Release|Any CPU
		{7729AC7B-3071-466E-B522-E1BBFAB3707B}.Release|Any CPU.Build.0 = Release|Any CPU
		{16A051E3-F6D4-4B74-B590-A45642782E87}.Debug|Any CPU.ActiveCfg = Debug|Any CPU
		{16A051E3-F6D4-4B74-B590-A45642782E87}.Debug|Any CPU.Build.0 = Debug|Any CPU
		{16A051E3-F6D4-4B74-B590-A45642782E87}.Debug|Any CPU.Deploy.0 = Debug|Any CPU
		{16A051E3-F6D4-4B74-B590-A45642782E87}.Release|Any CPU.ActiveCfg = Release|Any CPU
		{16A051E3-F6D4-4B74-B590-A45642782E87}.Release|Any CPU.Build.0 = Release|Any CPU
		{16A051E3-F6D4-4B74-B590-A45642782E87}.Release|Any CPU.Deploy.0 = Release|Any CPU
		{480950C2-CFFD-4A89-A082-76E4A25E1E64}.Debug|Any CPU.ActiveCfg = Debug|Any CPU
		{480950C2-CFFD-4A89-A082-76E4A25E1E64}.Debug|Any CPU.Build.0 = Debug|Any CPU
		{480950C2-CFFD-4A89-A082-76E4A25E1E64}.Release|Any CPU.ActiveCfg = Release|Any CPU
		{480950C2-CFFD-4A89-A082-76E4A25E1E64}.Release|Any CPU.Build.0 = Release|Any CPU
		{C21DA9A6-73A4-4AD9-94B0-D49C2CBB6569}.Debug|Any CPU.ActiveCfg = Debug|Any CPU
		{C21DA9A6-73A4-4AD9-94B0-D49C2CBB6569}.Debug|Any CPU.Build.0 = Debug|Any CPU
		{C21DA9A6-73A4-4AD9-94B0-D49C2CBB6569}.Release|Any CPU.ActiveCfg = Release|Any CPU
		{C21DA9A6-73A4-4AD9-94B0-D49C2CBB6569}.Release|Any CPU.Build.0 = Release|Any CPU
		{4C4C8F7D-F876-4203-92FE-6CF15D848E8F}.Debug|Any CPU.ActiveCfg = Debug|Any CPU
		{4C4C8F7D-F876-4203-92FE-6CF15D848E8F}.Debug|Any CPU.Build.0 = Debug|Any CPU
		{4C4C8F7D-F876-4203-92FE-6CF15D848E8F}.Release|Any CPU.ActiveCfg = Release|Any CPU
		{4C4C8F7D-F876-4203-92FE-6CF15D848E8F}.Release|Any CPU.Build.0 = Release|Any CPU
		{A04283C7-F447-4D88-AEC2-0B1CE7C65F37}.Debug|Any CPU.ActiveCfg = Debug|Any CPU
		{A04283C7-F447-4D88-AEC2-0B1CE7C65F37}.Debug|Any CPU.Build.0 = Debug|Any CPU
		{A04283C7-F447-4D88-AEC2-0B1CE7C65F37}.Release|Any CPU.ActiveCfg = Release|Any CPU
		{A04283C7-F447-4D88-AEC2-0B1CE7C65F37}.Release|Any CPU.Build.0 = Release|Any CPU
		{B2D78030-7AD3-4056-94F5-E33D63CEFBC1}.Debug|Any CPU.ActiveCfg = Debug|Any CPU
		{B2D78030-7AD3-4056-94F5-E33D63CEFBC1}.Debug|Any CPU.Build.0 = Debug|Any CPU
		{B2D78030-7AD3-4056-94F5-E33D63CEFBC1}.Release|Any CPU.ActiveCfg = Release|Any CPU
		{B2D78030-7AD3-4056-94F5-E33D63CEFBC1}.Release|Any CPU.Build.0 = Release|Any CPU
	EndGlobalSection
	GlobalSection(SolutionProperties) = preSolution
		HideSolutionNode = FALSE
	EndGlobalSection
	GlobalSection(NestedProjects) = preSolution
		{480950C2-CFFD-4A89-A082-76E4A25E1E64} = {2C20C4F1-29AE-4734-B678-EDC0EF4543E7}
		{C21DA9A6-73A4-4AD9-94B0-D49C2CBB6569} = {2C20C4F1-29AE-4734-B678-EDC0EF4543E7}
		{4C4C8F7D-F876-4203-92FE-6CF15D848E8F} = {2C20C4F1-29AE-4734-B678-EDC0EF4543E7}
		{FA54C78E-C198-4B34-91C8-067A30DCDEC8} = {2C20C4F1-29AE-4734-B678-EDC0EF4543E7}
		{24D8359E-66FE-4D91-BB24-EE265F67139C} = {2C20C4F1-29AE-4734-B678-EDC0EF4543E7}
		{F7D6DB82-F8B3-4621-8400-3172D97BBD9B} = {24D8359E-66FE-4D91-BB24-EE265F67139C}
		{E781E981-F5FF-4DD6-929C-0920B82CB228} = {24D8359E-66FE-4D91-BB24-EE265F67139C}
		{8A4EFF51-C0CA-40BC-99FF-F2F128F6959A} = {FA54C78E-C198-4B34-91C8-067A30DCDEC8}
		{15A762C7-9FD6-4854-9927-686C280C711B} = {2C20C4F1-29AE-4734-B678-EDC0EF4543E7}
		{4B46C751-63FC-4D65-86E1-45AB79ECDD1D} = {15A762C7-9FD6-4854-9927-686C280C711B}
	EndGlobalSection
	GlobalSection(ExtensibilityGlobals) = postSolution
		SolutionGuid = {4D93D000-AA0E-418F-AE9A-B5949000A5EC}
	EndGlobalSection
EndGlobal
